<Solution>
  <Project Path="Assembly-CSharp.csproj" />
  <Project Path="KnockKnockArena.Gameplay.csproj" />
  <Project Path="KnockKnockArena.Shared.csproj" />
  <Project Path="Assembly-CSharp-Editor.csproj" />
  <Project Path="KnockKnockArena.Gameplay.Editor.csproj" />
  <Project Path="KnockKnockArena.Networking.csproj" />
</Solution>
